github.com/aristanetworks/goarista v0.0.0-20190502180301-283422fc1708 h1:tS7jSmwRqSxTnonTRlDD1oHo6Q9YOK4xHS9/v4L56eg=
github.com/aristanetworks/goarista v0.0.0-20190502180301-283422fc1708/go.mod h1:D/tb0zPVXnP7fmsLZjtdUhSsumbK/ij54UXjjVgMGxQ=
github.com/davecgh/go-spew v1.1.0 h1:ZDRjVQ15GmhC3fiQ8ni8+OwkZQO4DARzQgrnXU1Liz8=
github.com/davecgh/go-spew v1.1.0/go.mod h1:J7Y8YcW2NihsgmVo/mv3lAwl/skON4iLHjSsI+c5H38=
github.com/getlantern/context v0.0.0-20190109183933-c447772a6520 h1:NRUJuo3v3WGC/g5YiyF790gut6oQr5f3FBI88Wv0dx4=
github.com/getlantern/context v0.0.0-20190109183933-c447772a6520/go.mod h1:L+mq6/vvYHKjCX2oez0CgEAJmbq1fbb/oNJIWQkBybY=
github.com/getlantern/errors v0.0.0-20190325191628-abdb3e3e36f7 h1:6uJ+sZ/e03gkbqZ0kUG6mfKoqDb4XMAzMIwlajq19So=
github.com/getlantern/errors v0.0.0-20190325191628-abdb3e3e36f7/go.mod h1:l+xpFBrCtDLpK9qNjxs+cHU6+BAdlBaxHqikB6Lku3A=
github.com/getlantern/eventual v0.0.0-20180125201821-84b02499361b h1:re/zIJk8bd7yyUet+QiRRRIoagh1EJQ3CvV2XGPQe5s=
github.com/getlantern/eventual v0.0.0-20180125201821-84b02499361b/go.mod h1:O8T3zFEcY6+LRXFcVV4q8mEu2tDIixG8edC84DfswBc=
github.com/getlantern/fdcount v0.0.0-20170105153814-6a6cb5839bc5 h1:8Q9iN/V24EG01IgXEKVScth/rTXpplBxCYio/yIKtUw=
github.com/getlantern/fdcount v0.0.0-20170105153814-6a6cb5839bc5/go.mod h1:XZwE+iIlAgr64OFbXKFNCllBwV4wEipPx8Hlo2gZdbM=
github.com/getlantern/framed v0.0.0-20190306221922-7f7919c8cf9b h1:rLHDb6VkSBQZTnY1ttltW1Sxp16XKLYlF06o8ukMg2o=
github.com/getlantern/framed v0.0.0-20190306221922-7f7919c8cf9b/go.mod h1:c6/4xBJDKOXLNKPJH//5z5EEHiFBPt+HpDFAlcvjDWw=
github.com/getlantern/golog v0.0.0-20170508214112-cca714f7feb5 h1:Okd7vkn9CfIgDBj1ST/vtBTCfD/kxIhYD412K+FRKPc=
github.com/getlantern/golog v0.0.0-20170508214112-cca714f7feb5/go.mod h1:Vwx1Cg64gCdIalad44uvQsKZw6LsVczIKZrUBStEjVw=
github.com/getlantern/gonat v0.0.0-20190511193819-f669948938a5 h1:47DEQpj8HBSa+/TImW+5JCeuQeRkm5NMpJWZG3hSuFU=
github.com/getlantern/gonat v0.0.1 h1:ekjxyT/Wk8RfrmSpM71lU5If+ARMSGvcjswC3isTtGg=
github.com/getlantern/gonat v0.0.1/go.mod h1:MoO1FFoIiT4nna0uMDyzx8z7TDrpVt7qqeiQMaN7vNU=
github.com/getlantern/gonat v0.0.2 h1:6hreLlQPisbQ39PNZNT/S09LyXIMXvmxqky/wVFxZvA=
github.com/getlantern/gonat v0.0.2/go.mod h1:MoO1FFoIiT4nna0uMDyzx8z7TDrpVt7qqeiQMaN7vNU=
github.com/getlantern/gonat v0.0.3 h1:q0gHfoTFhgf/MRR2mAb95ff8VCR1Pvh7coTlds4GYrE=
github.com/getlantern/gonat v0.0.3/go.mod h1:MoO1FFoIiT4nna0uMDyzx8z7TDrpVt7qqeiQMaN7vNU=
github.com/getlantern/gotun v0.0.0-20190422200803-35dee1b197b5 h1:RgknT+sLDtsoJEySPGJHagDVJFyOVIXTkY4Cks8xWTg=
github.com/getlantern/gotun v0.0.0-20190422200803-35dee1b197b5/go.mod h1:xBRkm/iNqMm5ND8ZTgiCoyyPAyfY89vbYgtYFWx66lw=
github.com/getlantern/hex v0.0.0-20190417191902-c6586a6fe0b7 h1:micT5vkcr9tOVk1FiH8SWKID8ultN44Z+yzd2y/Vyb0=
github.com/getlantern/hex v0.0.0-20190417191902-c6586a6fe0b7/go.mod h1:dD3CgOrwlzca8ed61CsZouQS5h5jIzkK9ZWrTcf0s+o=
github.com/getlantern/hidden v0.0.0-20190325191715-f02dbb02be55 h1:XYzSdCbkzOC0FDNrgJqGRo8PCMFOBFL9py72DRs7bmc=
github.com/getlantern/hidden v0.0.0-20190325191715-f02dbb02be55/go.mod h1:6mmzY2kW1TOOrVy+r41Za2MxXM+hhqTtY3oBKd2AgFA=
github.com/getlantern/idletiming v0.0.0-20190331182121-9540d1aeda2b h1:fR5xnj6A0dJ3/H+xyR2QeKy98QwQlcuk0Qczu2hdqHk=
github.com/getlantern/idletiming v0.0.0-20190331182121-9540d1aeda2b/go.mod h1:MGP8kEgZGgAhvHISt0hJGQgxg/VAqGdw3+kSZBnfC/4=
github.com/getlantern/ipproxy v0.0.0-20190502203022-c6564ee6fba1 h1:05pPp9/ONzEo7uGR79DLUDkkzNy4OLvt1x22BAjJ/cc=
github.com/getlantern/ipproxy v0.0.0-20190502203022-c6564ee6fba1/go.mod h1:AX6L48UflMFs/pkaXppIu4VblJZvT8ES9mTO0nSnpd8=
github.com/getlantern/mtime v0.0.0-20170117193331-ba114e4a82b0 h1:1VNkP55LM/W2IwWN+qi+5X3gZcEQHfj8X9E+FNxVgM4=
github.com/getlantern/mtime v0.0.0-20170117193331-ba114e4a82b0/go.mod h1:u537FS7ld4Whf7h7/0ql/myAudWWBNgeRhgE9XXH4Pk=
github.com/getlantern/netstack v0.0.0-20190313202628-8999826b821d h1:Emny4kQLL9uuaqt5FgOaLuQe1v1s2xHGAz81yGGghbM=
github.com/getlantern/netstack v0.0.0-20190313202628-8999826b821d/go.mod h1:boCZS+mc2Ckrx/BUsPJx3yaoyidXIn/xzXwV9CQtHw4=
github.com/getlantern/netx v0.0.0-20190110220209-9912de6f94fd h1:mn98vs69Kqw56iKhR82mjk16Q1q5aDFFW0E89/QbXkQ=
github.com/getlantern/netx v0.0.0-20190110220209-9912de6f94fd/go.mod h1:wKdY0ikOgzrWSeB9UyBVKPRhjXQ+vTb+BPeJuypUuNE=
github.com/getlantern/ops v0.0.0-20190325191751-d70cb0d6f85f h1:wrYrQttPS8FHIRSlsrcuKazukx/xqO/PpLZzZXsF+EA=
github.com/getlantern/ops v0.0.0-20190325191751-d70cb0d6f85f/go.mod h1:D5ao98qkA6pxftxoqzibIBBrLSUli+kYnJqrgBf9cIA=
github.com/getlantern/uuid v1.1.2-0.20190507171546-7c701662a263 h1:TL1Ks/pt4HGLuBxJeb5/XNarJ6J3zykmIZBY8OS17VY=
github.com/getlantern/uuid v1.1.2-0.20190507171546-7c701662a263/go.mod h1:uX10hOzZUUDR+oYNSIks+RcozOEiwTNC/K2rw9SUi1k=
github.com/getlantern/uuid v1.1.2-0.20190507182000-5c9436b8c718 h1:CerNWjQqXU4l70wjIDMtnDIRsKvBRjDOKfCg4s56zes=
github.com/getlantern/uuid v1.1.2-0.20190507182000-5c9436b8c718/go.mod h1:uX10hOzZUUDR+oYNSIks+RcozOEiwTNC/K2rw9SUi1k=
github.com/go-stack/stack v1.8.0 h1:5SgMzNM5HxrEjV0ww2lTmX6E2Izsfxas4+YHWRs3Lsk=
github.com/go-stack/stack v1.8.0/go.mod h1:v0f6uXyyMGvRgIKkXu+yp6POWl0qKG85gN/melR3HDY=
github.com/google/btree v1.0.0 h1:0udJVsspx3VBr5FwtLhQQtuAsVc79tTq0ocGIPAU6qo=
github.com/google/btree v1.0.0/go.mod h1:lNA+9X1NB3Zf8V7Ke586lFgjr2dZNuvo3lPJSGZ5JPQ=
github.com/google/netstack v0.0.0-20190505230633-4391e4a763ab h1:pL7LhIuypqBDG+1k5qJMLaOUaGungvrFY/Y3szikrM0=
github.com/google/netstack v0.0.0-20190505230633-4391e4a763ab/go.mod h1:r/rILWg3r1Qy9G1IFMhsqWLq2GjwuYoTuPgG7ckMAjk=
github.com/oxtoacart/bpool v0.0.0-20190227141107-8c4636f812cc h1:uhnyuvDwdKbjemAXHKsiEZOPagHim2nRjMcazH1g26A=
github.com/oxtoacart/bpool v0.0.0-20190227141107-8c4636f812cc/go.mod h1:L3UMQOThbttwfYRNFOWLLVXMhk5Lkio4GGOtw5UrxS0=
github.com/pmezard/go-difflib v1.0.0 h1:4DBwDE0NGyQoBHbLQYPwSUPoCMWR5BEzIk/f1lZbAQM=
github.com/pmezard/go-difflib v1.0.0/go.mod h1:iKH77koFhYxTK1pcRnkKkqfTogsbg7gZNVY4sRDYZ/4=
github.com/stretchr/objx v0.1.0/go.mod h1:HFkY916IF+rwdDfMAkV7OtwuqBVzrE8GR6GFx+wExME=
github.com/stretchr/testify v1.3.0 h1:TivCn/peBQ7UY8ooIcPgZFpTNSz0Q2U6UrFlUfqbe0Q=
github.com/stretchr/testify v1.3.0/go.mod h1:M5WIy9Dh21IEIfnGCwXGc5bZfKNJtfHm1UVUgZn+9EI=
